// !$*UTF8*$!
{
	archiveVersion = 1;
	classes = {
	};
	objectVersion = 56;
	objects = {

/* Begin PBXBuildFile section */
		1669B6DF2C75FF1700BB105F /* RMGuideTCAApp.swift in Sources */ = {isa = PBXBuildFile; fileRef = 1669B6DE2C75FF1700BB105F /* RMGuideTCAApp.swift */; };
		1669B6E32C75FF1800BB105F /* Assets.xcassets in Resources */ = {isa = PBXBuildFile; fileRef = 1669B6E22C75FF1800BB105F /* Assets.xcassets */; };
		1669B6E62C75FF1800BB105F /* Preview Assets.xcassets in Resources */ = {isa = PBXBuildFile; fileRef = 1669B6E52C75FF1800BB105F /* Preview Assets.xcassets */; };
		1669B6F32C7602DC00BB105F /* CharacterDetailsReducer.swift in Sources */ = {isa = PBXBuildFile; fileRef = 1669B6F22C7602DC00BB105F /* CharacterDetailsReducer.swift */; };
		1669B6F52C7602E800BB105F /* CharacterDetailsView.swift in Sources */ = {isa = PBXBuildFile; fileRef = 1669B6F42C7602E800BB105F /* CharacterDetailsView.swift */; };
		1669B6F72C7602F800BB105F /* CharactersListReducer.swift in Sources */ = {isa = PBXBuildFile; fileRef = 1669B6F62C7602F800BB105F /* CharactersListReducer.swift */; };
		1669B6F92C76030600BB105F /* CharactersListView.swift in Sources */ = {isa = PBXBuildFile; fileRef = 1669B6F82C76030600BB105F /* CharactersListView.swift */; };
		1669B6FB2C76031100BB105F /* EpisodeDetailsReducer.swift in Sources */ = {isa = PBXBuildFile; fileRef = 1669B6FA2C76031100BB105F /* EpisodeDetailsReducer.swift */; };
		1669B6FD2C76032100BB105F /* EpisodeDetailsView.swift in Sources */ = {isa = PBXBuildFile; fileRef = 1669B6FC2C76032100BB105F /* EpisodeDetailsView.swift */; };
		1669B7002C76035F00BB105F /* Swinject in Frameworks */ = {isa = PBXBuildFile; productRef = 1669B6FF2C76035F00BB105F /* Swinject */; };
		1669B7032C7603A900BB105F /* ComposableArchitecture in Frameworks */ = {isa = PBXBuildFile; productRef = 1669B7022C7603A900BB105F /* ComposableArchitecture */; };
/* End PBXBuildFile section */

/* Begin PBXFileReference section */
		1669B6DB2C75FF1700BB105F /* RMGuideTCA.app */ = {isa = PBXFileReference; explicitFileType = wrapper.application; includeInIndex = 0; path = RMGuideTCA.app; sourceTree = BUILT_PRODUCTS_DIR; };
		1669B6DE2C75FF1700BB105F /* RMGuideTCAApp.swift */ = {isa = PBXFileReference; lastKnownFileType = sourcecode.swift; path = RMGuideTCAApp.swift; sourceTree = "<group>"; };
		1669B6E22C75FF1800BB105F /* Assets.xcassets */ = {isa = PBXFileReference; lastKnownFileType = folder.assetcatalog; path = Assets.xcassets; sourceTree = "<group>"; };
		1669B6E52C75FF1800BB105F /* Preview Assets.xcassets */ = {isa = PBXFileReference; lastKnownFileType = folder.assetcatalog; path = "Preview Assets.xcassets"; sourceTree = "<group>"; };
		1669B6F22C7602DC00BB105F /* CharacterDetailsReducer.swift */ = {isa = PBXFileReference; lastKnownFileType = sourcecode.swift; path = CharacterDetailsReducer.swift; sourceTree = "<group>"; };
		1669B6F42C7602E800BB105F /* CharacterDetailsView.swift */ = {isa = PBXFileReference; lastKnownFileType = sourcecode.swift; path = CharacterDetailsView.swift; sourceTree = "<group>"; };
		1669B6F62C7602F800BB105F /* CharactersListReducer.swift */ = {isa = PBXFileReference; lastKnownFileType = sourcecode.swift; path = CharactersListReducer.swift; sourceTree = "<group>"; };
		1669B6F82C76030600BB105F /* CharactersListView.swift */ = {isa = PBXFileReference; lastKnownFileType = sourcecode.swift; path = CharactersListView.swift; sourceTree = "<group>"; };
		1669B6FA2C76031100BB105F /* EpisodeDetailsReducer.swift */ = {isa = PBXFileReference; lastKnownFileType = sourcecode.swift; path = EpisodeDetailsReducer.swift; sourceTree = "<group>"; };
		1669B6FC2C76032100BB105F /* EpisodeDetailsView.swift */ = {isa = PBXFileReference; lastKnownFileType = sourcecode.swift; path = EpisodeDetailsView.swift; sourceTree = "<group>"; };
/* End PBXFileReference section */

/* Begin PBXFrameworksBuildPhase section */
		1669B6D82C75FF1700BB105F /* Frameworks */ = {
			isa = PBXFrameworksBuildPhase;
			buildActionMask = 2147483647;
			files = (
				1669B7032C7603A900BB105F /* ComposableArchitecture in Frameworks */,
				1669B7002C76035F00BB105F /* Swinject in Frameworks */,
			);
			runOnlyForDeploymentPostprocessing = 0;
		};
/* End PBXFrameworksBuildPhase section */

/* Begin PBXGroup section */
		1669B6D22C75FF1700BB105F = {
			isa = PBXGroup;
			children = (
				1669B6DD2C75FF1700BB105F /* RMGuideTCA */,
				1669B6DC2C75FF1700BB105F /* Products */,
			);
			sourceTree = "<group>";
		};
		1669B6DC2C75FF1700BB105F /* Products */ = {
			isa = PBXGroup;
			children = (
				1669B6DB2C75FF1700BB105F /* RMGuideTCA.app */,
			);
			name = Products;
			sourceTree = "<group>";
		};
		1669B6DD2C75FF1700BB105F /* RMGuideTCA */ = {
			isa = PBXGroup;
			children = (
				1669B6F12C76022C00BB105F /* Core */,
				1669B6EC2C76014E00BB105F /* Modules */,
				1669B6F02C76021600BB105F /* Utils */,
				1669B6DE2C75FF1700BB105F /* RMGuideTCAApp.swift */,
				1669B6E22C75FF1800BB105F /* Assets.xcassets */,
				1669B6E42C75FF1800BB105F /* Preview Content */,
			);
			path = RMGuideTCA;
			sourceTree = "<group>";
		};
		1669B6E42C75FF1800BB105F /* Preview Content */ = {
			isa = PBXGroup;
			children = (
				1669B6E52C75FF1800BB105F /* Preview Assets.xcassets */,
			);
			path = "Preview Content";
			sourceTree = "<group>";
		};
		1669B6EC2C76014E00BB105F /* Modules */ = {
			isa = PBXGroup;
			children = (
				1669B6ED2C7601C600BB105F /* CharacterDetails */,
				1669B6EE2C7601CF00BB105F /* CharactersList */,
				1669B6EF2C7601D800BB105F /* EpisodeDetails */,
			);
			path = Modules;
			sourceTree = "<group>";
		};
		1669B6ED2C7601C600BB105F /* CharacterDetails */ = {
			isa = PBXGroup;
			children = (
				1669B6F22C7602DC00BB105F /* CharacterDetailsReducer.swift */,
				1669B6F42C7602E800BB105F /* CharacterDetailsView.swift */,
			);
			path = CharacterDetails;
			sourceTree = "<group>";
		};
		1669B6EE2C7601CF00BB105F /* CharactersList */ = {
			isa = PBXGroup;
			children = (
				1669B6F62C7602F800BB105F /* CharactersListReducer.swift */,
				1669B6F82C76030600BB105F /* CharactersListView.swift */,
			);
			path = CharactersList;
			sourceTree = "<group>";
		};
		1669B6EF2C7601D800BB105F /* EpisodeDetails */ = {
			isa = PBXGroup;
			children = (
				1669B6FA2C76031100BB105F /* EpisodeDetailsReducer.swift */,
				1669B6FC2C76032100BB105F /* EpisodeDetailsView.swift */,
			);
			path = EpisodeDetails;
			sourceTree = "<group>";
		};
		1669B6F02C76021600BB105F /* Utils */ = {
			isa = PBXGroup;
			children = (
			);
			path = Utils;
			sourceTree = "<group>";
		};
		1669B6F12C76022C00BB105F /* Core */ = {
			isa = PBXGroup;
			children = (
			);
			path = Core;
			sourceTree = "<group>";
		};
/* End PBXGroup section */

/* Begin PBXNativeTarget section */
		1669B6DA2C75FF1700BB105F /* RMGuideTCA */ = {
			isa = PBXNativeTarget;
			buildConfigurationList = 1669B6E92C75FF1800BB105F /* Build configuration list for PBXNativeTarget "RMGuideTCA" */;
			buildPhases = (
				1669B6D72C75FF1700BB105F /* Sources */,
				1669B6D82C75FF1700BB105F /* Frameworks */,
				1669B6D92C75FF1700BB105F /* Resources */,
			);
			buildRules = (
			);
			dependencies = (
			);
			name = RMGuideTCA;
			packageProductDependencies = (
				1669B6FF2C76035F00BB105F /* Swinject */,
				1669B7022C7603A900BB105F /* ComposableArchitecture */,
			);
			productName = RMGuideTCA;
			productReference = 1669B6DB2C75FF1700BB105F /* RMGuideTCA.app */;
			productType = "com.apple.product-type.application";
		};
/* End PBXNativeTarget section */

/* Begin PBXProject section */
		1669B6D32C75FF1700BB105F /* Project object */ = {
			isa = PBXProject;
			attributes = {
				BuildIndependentTargetsInParallel = 1;
				LastSwiftUpdateCheck = 1540;
				LastUpgradeCheck = 1540;
				TargetAttributes = {
					1669B6DA2C75FF1700BB105F = {
						CreatedOnToolsVersion = 15.4;
					};
				};
			};
			buildConfigurationList = 1669B6D62C75FF1700BB105F /* Build configuration list for PBXProject "RMGuideTCA" */;
			compatibilityVersion = "Xcode 14.0";
			developmentRegion = en;
			hasScannedForEncodings = 0;
			knownRegions = (
				en,
				Base,
			);
			mainGroup = 1669B6D22C75FF1700BB105F;
			packageReferences = (
				1669B6FE2C76035F00BB105F /* XCRemoteSwiftPackageReference "Swinject" */,
				1669B7012C7603A900BB105F /* XCRemoteSwiftPackageReference "swift-composable-architecture" */,
			);
			productRefGroup = 1669B6DC2C75FF1700BB105F /* Products */;
			projectDirPath = "";
			projectRoot = "";
			targets = (
				1669B6DA2C75FF1700BB105F /* RMGuideTCA */,
			);
		};
/* End PBXProject section */

/* Begin PBXResourcesBuildPhase section */
		1669B6D92C75FF1700BB105F /* Resources */ = {
			isa = PBXResourcesBuildPhase;
			buildActionMask = 2147483647;
			files = (
				1669B6E62C75FF1800BB105F /* Preview Assets.xcassets in Resources */,
				1669B6E32C75FF1800BB105F /* Assets.xcassets in Resources */,
			);
			runOnlyForDeploymentPostprocessing = 0;
		};
/* End PBXResourcesBuildPhase section */

/* Begin PBXSourcesBuildPhase section */
		1669B6D72C75FF1700BB105F /* Sources */ = {
			isa = PBXSourcesBuildPhase;
			buildActionMask = 2147483647;
			files = (
				1669B6FB2C76031100BB105F /* EpisodeDetailsReducer.swift in Sources */,
				1669B6F32C7602DC00BB105F /* CharacterDetailsReducer.swift in Sources */,
				1669B6F92C76030600BB105F /* CharactersListView.swift in Sources */,
				1669B6DF2C75FF1700BB105F /* RMGuideTCAApp.swift in Sources */,
				1669B6FD2C76032100BB105F /* EpisodeDetailsView.swift in Sources */,
				1669B6F72C7602F800BB105F /* CharactersListReducer.swift in Sources */,
				1669B6F52C7602E800BB105F /* CharacterDetailsView.swift in Sources */,
			);
			runOnlyForDeploymentPostprocessing = 0;
		};
/* End PBXSourcesBuildPhase section */

/* Begin XCBuildConfiguration section */
		1669B6E72C75FF1800BB105F /* Debug */ = {
			isa = XCBuildConfiguration;
			buildSettings = {
				ALWAYS_SEARCH_USER_PATHS = NO;
				ASSETCATALOG_COMPILER_GENERATE_SWIFT_ASSET_SYMBOL_EXTENSIONS = YES;
				CLANG_ANALYZER_NONNULL = YES;
				CLANG_ANALYZER_NUMBER_OBJECT_CONVERSION = YES_AGGRESSIVE;
				CLANG_CXX_LANGUAGE_STANDARD = "gnu++20";
				CLANG_ENABLE_MODULES = YES;
				CLANG_ENABLE_OBJC_ARC = YES;
				CLANG_ENABLE_OBJC_WEAK = YES;
				CLANG_WARN_BLOCK_CAPTURE_AUTORELEASING = YES;
				CLANG_WARN_BOOL_CONVERSION = YES;
				CLANG_WARN_COMMA = YES;
				CLANG_WARN_CONSTANT_CONVERSION = YES;
				CLANG_WARN_DEPRECATED_OBJC_IMPLEMENTATIONS = YES;
				CLANG_WARN_DIRECT_OBJC_ISA_USAGE = YES_ERROR;
				CLANG_WARN_DOCUMENTATION_COMMENTS = YES;
				CLANG_WARN_EMPTY_BODY = YES;
				CLANG_WARN_ENUM_CONVERSION = YES;
				CLANG_WARN_INFINITE_RECURSION = YES;
				CLANG_WARN_INT_CONVERSION = YES;
				CLANG_WARN_NON_LITERAL_NULL_CONVERSION = YES;
				CLANG_WARN_OBJC_IMPLICIT_RETAIN_SELF = YES;
				CLANG_WARN_OBJC_LITERAL_CONVERSION = YES;
				CLANG_WARN_OBJC_ROOT_CLASS = YES_ERROR;
				CLANG_WARN_QUOTED_INCLUDE_IN_FRAMEWORK_HEADER = YES;
				CLANG_WARN_RANGE_LOOP_ANALYSIS = YES;
				CLANG_WARN_STRICT_PROTOTYPES = YES;
				CLANG_WARN_SUSPICIOUS_MOVE = YES;
				CLANG_WARN_UNGUARDED_AVAILABILITY = YES_AGGRESSIVE;
				CLANG_WARN_UNREACHABLE_CODE = YES;
				CLANG_WARN__DUPLICATE_METHOD_MATCH = YES;
				COPY_PHASE_STRIP = NO;
				DEBUG_INFORMATION_FORMAT = dwarf;
				ENABLE_STRICT_OBJC_MSGSEND = YES;
				ENABLE_TESTABILITY = YES;
				ENABLE_USER_SCRIPT_SANDBOXING = YES;
				GCC_C_LANGUAGE_STANDARD = gnu17;
				GCC_DYNAMIC_NO_PIC = NO;
				GCC_NO_COMMON_BLOCKS = YES;
				GCC_OPTIMIZATION_LEVEL = 0;
				GCC_PREPROCESSOR_DEFINITIONS = (
					"DEBUG=1",
					"$(inherited)",
				);
				GCC_WARN_64_TO_32_BIT_CONVERSION = YES;
				GCC_WARN_ABOUT_RETURN_TYPE = YES_ERROR;
				GCC_WARN_UNDECLARED_SELECTOR = YES;
				GCC_WARN_UNINITIALIZED_AUTOS = YES_AGGRESSIVE;
				GCC_WARN_UNUSED_FUNCTION = YES;
				GCC_WARN_UNUSED_VARIABLE = YES;
				IPHONEOS_DEPLOYMENT_TARGET = 17.5;
				LOCALIZATION_PREFERS_STRING_CATALOGS = YES;
				MTL_ENABLE_DEBUG_INFO = INCLUDE_SOURCE;
				MTL_FAST_MATH = YES;
				ONLY_ACTIVE_ARCH = YES;
				SDKROOT = iphoneos;
				SWIFT_ACTIVE_COMPILATION_CONDITIONS = "DEBUG $(inherited)";
				SWIFT_OPTIMIZATION_LEVEL = "-Onone";
			};
			name = Debug;
		};
		1669B6E82C75FF1800BB105F /* Release */ = {
			isa = XCBuildConfiguration;
			buildSettings = {
				ALWAYS_SEARCH_USER_PATHS = NO;
				ASSETCATALOG_COMPILER_GENERATE_SWIFT_ASSET_SYMBOL_EXTENSIONS = YES;
				CLANG_ANALYZER_NONNULL = YES;
				CLANG_ANALYZER_NUMBER_OBJECT_CONVERSION = YES_AGGRESSIVE;
				CLANG_CXX_LANGUAGE_STANDARD = "gnu++20";
				CLANG_ENABLE_MODULES = YES;
				CLANG_ENABLE_OBJC_ARC = YES;
				CLANG_ENABLE_OBJC_WEAK = YES;
				CLANG_WARN_BLOCK_CAPTURE_AUTORELEASING = YES;
				CLANG_WARN_BOOL_CONVERSION = YES;
				CLANG_WARN_COMMA = YES;
				CLANG_WARN_CONSTANT_CONVERSION = YES;
				CLANG_WARN_DEPRECATED_OBJC_IMPLEMENTATIONS = YES;
				CLANG_WARN_DIRECT_OBJC_ISA_USAGE = YES_ERROR;
				CLANG_WARN_DOCUMENTATION_COMMENTS = YES;
				CLANG_WARN_EMPTY_BODY = YES;
				CLANG_WARN_ENUM_CONVERSION = YES;
				CLANG_WARN_INFINITE_RECURSION = YES;
				CLANG_WARN_INT_CONVERSION = YES;
				CLANG_WARN_NON_LITERAL_NULL_CONVERSION = YES;
				CLANG_WARN_OBJC_IMPLICIT_RETAIN_SELF = YES;
				CLANG_WARN_OBJC_LITERAL_CONVERSION = YES;
				CLANG_WARN_OBJC_ROOT_CLASS = YES_ERROR;
				CLANG_WARN_QUOTED_INCLUDE_IN_FRAMEWORK_HEADER = YES;
				CLANG_WARN_RANGE_LOOP_ANALYSIS = YES;
				CLANG_WARN_STRICT_PROTOTYPES = YES;
				CLANG_WARN_SUSPICIOUS_MOVE = YES;
				CLANG_WARN_UNGUARDED_AVAILABILITY = YES_AGGRESSIVE;
				CLANG_WARN_UNREACHABLE_CODE = YES;
				CLANG_WARN__DUPLICATE_METHOD_MATCH = YES;
				COPY_PHASE_STRIP = NO;
				DEBUG_INFORMATION_FORMAT = "dwarf-with-dsym";
				ENABLE_NS_ASSERTIONS = NO;
				ENABLE_STRICT_OBJC_MSGSEND = YES;
				ENABLE_USER_SCRIPT_SANDBOXING = YES;
				GCC_C_LANGUAGE_STANDARD = gnu17;
				GCC_NO_COMMON_BLOCKS = YES;
				GCC_WARN_64_TO_32_BIT_CONVERSION = YES;
				GCC_WARN_ABOUT_RETURN_TYPE = YES_ERROR;
				GCC_WARN_UNDECLARED_SELECTOR = YES;
				GCC_WARN_UNINITIALIZED_AUTOS = YES_AGGRESSIVE;
				GCC_WARN_UNUSED_FUNCTION = YES;
				GCC_WARN_UNUSED_VARIABLE = YES;
				IPHONEOS_DEPLOYMENT_TARGET = 17.5;
				LOCALIZATION_PREFERS_STRING_CATALOGS = YES;
				MTL_ENABLE_DEBUG_INFO = NO;
				MTL_FAST_MATH = YES;
				SDKROOT = iphoneos;
				SWIFT_COMPILATION_MODE = wholemodule;
				VALIDATE_PRODUCT = YES;
			};
			name = Release;
		};
		1669B6EA2C75FF1800BB105F /* Debug */ = {
			isa = XCBuildConfiguration;
			buildSettings = {
				ASSETCATALOG_COMPILER_APPICON_NAME = AppIcon;
				ASSETCATALOG_COMPILER_GLOBAL_ACCENT_COLOR_NAME = AccentColor;
				CODE_SIGN_STYLE = Automatic;
				CURRENT_PROJECT_VERSION = 1;
				DEVELOPMENT_ASSET_PATHS = "\"RMGuideTCA/Preview Content\"";
				DEVELOPMENT_TEAM = T3SR62DCTW;
				ENABLE_PREVIEWS = YES;
				GENERATE_INFOPLIST_FILE = YES;
				INFOPLIST_KEY_UIApplicationSceneManifest_Generation = YES;
				INFOPLIST_KEY_UIApplicationSupportsIndirectInputEvents = YES;
				INFOPLIST_KEY_UILaunchScreen_Generation = YES;
				INFOPLIST_KEY_UISupportedInterfaceOrientations_iPad = "UIInterfaceOrientationPortrait UIInterfaceOrientationPortraitUpsideDown UIInterfaceOrientationLandscapeLeft UIInterfaceOrientationLandscapeRight";
				INFOPLIST_KEY_UISupportedInterfaceOrientations_iPhone = "UIInterfaceOrientationPortrait UIInterfaceOrientationLandscapeLeft UIInterfaceOrientationLandscapeRight";
				LD_RUNPATH_SEARCH_PATHS = (
					"$(inherited)",
					"@executable_path/Frameworks",
				);
				MARKETING_VERSION = 1.0;
				PRODUCT_BUNDLE_IDENTIFIER = ljaniszewski00.RMGuideTCA;
				PRODUCT_NAME = "$(TARGET_NAME)";
				SWIFT_EMIT_LOC_STRINGS = YES;
				SWIFT_VERSION = 5.0;
				TARGETED_DEVICE_FAMILY = "1,2";
			};
			name = Debug;
		};
		1669B6EB2C75FF1800BB105F /* Release */ = {
			isa = XCBuildConfiguration;
			buildSettings = {
				ASSETCATALOG_COMPILER_APPICON_NAME = AppIcon;
				ASSETCATALOG_COMPILER_GLOBAL_ACCENT_COLOR_NAME = AccentColor;
				CODE_SIGN_STYLE = Automatic;
				CURRENT_PROJECT_VERSION = 1;
				DEVELOPMENT_ASSET_PATHS = "\"RMGuideTCA/Preview Content\"";
				DEVELOPMENT_TEAM = T3SR62DCTW;
				ENABLE_PREVIEWS = YES;
				GENERATE_INFOPLIST_FILE = YES;
				INFOPLIST_KEY_UIApplicationSceneManifest_Generation = YES;
				INFOPLIST_KEY_UIApplicationSupportsIndirectInputEvents = YES;
				INFOPLIST_KEY_UILaunchScreen_Generation = YES;
				INFOPLIST_KEY_UISupportedInterfaceOrientations_iPad = "UIInterfaceOrientationPortrait UIInterfaceOrientationPortraitUpsideDown UIInterfaceOrientationLandscapeLeft UIInterfaceOrientationLandscapeRight";
				INFOPLIST_KEY_UISupportedInterfaceOrientations_iPhone = "UIInterfaceOrientationPortrait UIInterfaceOrientationLandscapeLeft UIInterfaceOrientationLandscapeRight";
				LD_RUNPATH_SEARCH_PATHS = (
					"$(inherited)",
					"@executable_path/Frameworks",
				);
				MARKETING_VERSION = 1.0;
				PRODUCT_BUNDLE_IDENTIFIER = ljaniszewski00.RMGuideTCA;
				PRODUCT_NAME = "$(TARGET_NAME)";
				SWIFT_EMIT_LOC_STRINGS = YES;
				SWIFT_VERSION = 5.0;
				TARGETED_DEVICE_FAMILY = "1,2";
			};
			name = Release;
		};
/* End XCBuildConfiguration section */

/* Begin XCConfigurationList section */
		1669B6D62C75FF1700BB105F /* Build configuration list for PBXProject "RMGuideTCA" */ = {
			isa = XCConfigurationList;
			buildConfigurations = (
				1669B6E72C75FF1800BB105F /* Debug */,
				1669B6E82C75FF1800BB105F /* Release */,
			);
			defaultConfigurationIsVisible = 0;
			defaultConfigurationName = Release;
		};
		1669B6E92C75FF1800BB105F /* Build configuration list for PBXNativeTarget "RMGuideTCA" */ = {
			isa = XCConfigurationList;
			buildConfigurations = (
				1669B6EA2C75FF1800BB105F /* Debug */,
				1669B6EB2C75FF1800BB105F /* Release */,
			);
			defaultConfigurationIsVisible = 0;
			defaultConfigurationName = Release;
		};
/* End XCConfigurationList section */

/* Begin XCRemoteSwiftPackageReference section */
		1669B6FE2C76035F00BB105F /* XCRemoteSwiftPackageReference "Swinject" */ = {
			isa = XCRemoteSwiftPackageReference;
			repositoryURL = "https://github.com/Swinject/Swinject.git";
			requirement = {
				kind = upToNextMajorVersion;
				minimumVersion = 2.9.1;
			};
		};
		1669B7012C7603A900BB105F /* XCRemoteSwiftPackageReference "swift-composable-architecture" */ = {
			isa = XCRemoteSwiftPackageReference;
			repositoryURL = "https://github.com/pointfreeco/swift-composable-architecture";
			requirement = {
				kind = upToNextMajorVersion;
				minimumVersion = 1.13.0;
			};
		};
/* End XCRemoteSwiftPackageReference section */

/* Begin XCSwiftPackageProductDependency section */
		1669B6FF2C76035F00BB105F /* Swinject */ = {
			isa = XCSwiftPackageProductDependency;
			package = 1669B6FE2C76035F00BB105F /* XCRemoteSwiftPackageReference "Swinject" */;
			productName = Swinject;
		};
		1669B7022C7603A900BB105F /* ComposableArchitecture */ = {
			isa = XCSwiftPackageProductDependency;
			package = 1669B7012C7603A900BB105F /* XCRemoteSwiftPackageReference "swift-composable-architecture" */;
			productName = ComposableArchitecture;
		};
/* End XCSwiftPackageProductDependency section */
	};
	rootObject = 1669B6D32C75FF1700BB105F /* Project object */;
}
