// !$*UTF8*$!
{
	archiveVersion = 1;
	classes = {
	};
	objectVersion = 56;
	objects = {

/* Begin PBXBuildFile section */
		1669B6DF2C75FF1700BB105F /* RMGuideTCAApp.swift in Sources */ = {isa = PBXBuildFile; fileRef = 1669B6DE2C75FF1700BB105F /* RMGuideTCAApp.swift */; };
		1669B6E32C75FF1800BB105F /* Assets.xcassets in Resources */ = {isa = PBXBuildFile; fileRef = 1669B6E22C75FF1800BB105F /* Assets.xcassets */; };
		1669B6E62C75FF1800BB105F /* Preview Assets.xcassets in Resources */ = {isa = PBXBuildFile; fileRef = 1669B6E52C75FF1800BB105F /* Preview Assets.xcassets */; };
		1669B6F32C7602DC00BB105F /* CharacterDetailsFeature.swift in Sources */ = {isa = PBXBuildFile; fileRef = 1669B6F22C7602DC00BB105F /* CharacterDetailsFeature.swift */; };
		1669B6F52C7602E800BB105F /* CharacterDetailsView.swift in Sources */ = {isa = PBXBuildFile; fileRef = 1669B6F42C7602E800BB105F /* CharacterDetailsView.swift */; };
		1669B6F72C7602F800BB105F /* CharactersListFeature.swift in Sources */ = {isa = PBXBuildFile; fileRef = 1669B6F62C7602F800BB105F /* CharactersListFeature.swift */; };
		1669B6F92C76030600BB105F /* CharactersListView.swift in Sources */ = {isa = PBXBuildFile; fileRef = 1669B6F82C76030600BB105F /* CharactersListView.swift */; };
		1669B6FB2C76031100BB105F /* EpisodeDetailsFeature.swift in Sources */ = {isa = PBXBuildFile; fileRef = 1669B6FA2C76031100BB105F /* EpisodeDetailsFeature.swift */; };
		1669B6FD2C76032100BB105F /* EpisodeDetailsView.swift in Sources */ = {isa = PBXBuildFile; fileRef = 1669B6FC2C76032100BB105F /* EpisodeDetailsView.swift */; };
		1669B7032C7603A900BB105F /* ComposableArchitecture in Frameworks */ = {isa = PBXBuildFile; productRef = 1669B7022C7603A900BB105F /* ComposableArchitecture */; };
		168969582C834C2600175278 /* AppStorageKey.swift in Sources */ = {isa = PBXBuildFile; fileRef = 168969572C834C2600175278 /* AppStorageKey.swift */; };
		1689695B2C83536200175278 /* Algorithms in Frameworks */ = {isa = PBXBuildFile; productRef = 1689695A2C83536200175278 /* Algorithms */; };
		16CEACFD2C760FC10053A467 /* Views.swift in Sources */ = {isa = PBXBuildFile; fileRef = 16CEACFC2C760FC10053A467 /* Views.swift */; };
		16CEAD172C7B3E8A0053A467 /* APIClient.swift in Sources */ = {isa = PBXBuildFile; fileRef = 16CEACFF2C7B3E8A0053A467 /* APIClient.swift */; };
		16CEAD182C7B3E8A0053A467 /* RMCharacterGender.swift in Sources */ = {isa = PBXBuildFile; fileRef = 16CEAD012C7B3E8A0053A467 /* RMCharacterGender.swift */; };
		16CEAD192C7B3E8A0053A467 /* RMCharacterLocation.swift in Sources */ = {isa = PBXBuildFile; fileRef = 16CEAD022C7B3E8A0053A467 /* RMCharacterLocation.swift */; };
		16CEAD1A2C7B3E8A0053A467 /* RMCharacterOrigin.swift in Sources */ = {isa = PBXBuildFile; fileRef = 16CEAD032C7B3E8A0053A467 /* RMCharacterOrigin.swift */; };
		16CEAD1B2C7B3E8A0053A467 /* RMCharacterStatus.swift in Sources */ = {isa = PBXBuildFile; fileRef = 16CEAD042C7B3E8A0053A467 /* RMCharacterStatus.swift */; };
		16CEAD1C2C7B3E8A0053A467 /* RMCharacter.swift in Sources */ = {isa = PBXBuildFile; fileRef = 16CEAD062C7B3E8A0053A467 /* RMCharacter.swift */; };
		16CEAD1D2C7B3E8A0053A467 /* RMCharacterResponse.swift in Sources */ = {isa = PBXBuildFile; fileRef = 16CEAD072C7B3E8A0053A467 /* RMCharacterResponse.swift */; };
		16CEAD1E2C7B3E8A0053A467 /* EmptyRequestInput.swift in Sources */ = {isa = PBXBuildFile; fileRef = 16CEAD092C7B3E8A0053A467 /* EmptyRequestInput.swift */; };
		16CEAD1F2C7B3E8A0053A467 /* RMInfo.swift in Sources */ = {isa = PBXBuildFile; fileRef = 16CEAD0A2C7B3E8A0053A467 /* RMInfo.swift */; };
		16CEAD202C7B3E8A0053A467 /* RMEpisode.swift in Sources */ = {isa = PBXBuildFile; fileRef = 16CEAD0C2C7B3E8A0053A467 /* RMEpisode.swift */; };
		16CEAD212C7B3E8A0053A467 /* RickAndMortyEndpoints.swift in Sources */ = {isa = PBXBuildFile; fileRef = 16CEAD0E2C7B3E8A0053A467 /* RickAndMortyEndpoints.swift */; };
		16CEAD222C7B3E8A0053A467 /* APIEndpoint.swift in Sources */ = {isa = PBXBuildFile; fileRef = 16CEAD102C7B3E8A0053A467 /* APIEndpoint.swift */; };
		16CEAD232C7B3E8A0053A467 /* APIError.swift in Sources */ = {isa = PBXBuildFile; fileRef = 16CEAD122C7B3E8A0053A467 /* APIError.swift */; };
		16CEAD242C7B3E8A0053A467 /* HTTPMethod.swift in Sources */ = {isa = PBXBuildFile; fileRef = 16CEAD132C7B3E8A0053A467 /* HTTPMethod.swift */; };
		16CEAD2F2C7B3FB90053A467 /* ErrorModal.swift in Sources */ = {isa = PBXBuildFile; fileRef = 16CEAD252C7B3FB90053A467 /* ErrorModal.swift */; };
		16CEAD302C7B3FB90053A467 /* LoadingIndicatorModal.swift in Sources */ = {isa = PBXBuildFile; fileRef = 16CEAD262C7B3FB90053A467 /* LoadingIndicatorModal.swift */; };
		16CEAD312C7B3FB90053A467 /* Array+Extension.swift in Sources */ = {isa = PBXBuildFile; fileRef = 16CEAD282C7B3FB90053A467 /* Array+Extension.swift */; };
		16CEAD322C7B3FB90053A467 /* Color+Extension.swift in Sources */ = {isa = PBXBuildFile; fileRef = 16CEAD292C7B3FB90053A467 /* Color+Extension.swift */; };
		16CEAD342C7B3FB90053A467 /* View+HalfSheet.swift in Sources */ = {isa = PBXBuildFile; fileRef = 16CEAD2B2C7B3FB90053A467 /* View+HalfSheet.swift */; };
		16CEAD382C7B40720053A467 /* CharactersListDisplayMode.swift in Sources */ = {isa = PBXBuildFile; fileRef = 16CEAD372C7B40720053A467 /* CharactersListDisplayMode.swift */; };
		16CEAD3C2C7B502C0053A467 /* RMEpisodeObject.swift in Sources */ = {isa = PBXBuildFile; fileRef = 16CEAD3B2C7B502C0053A467 /* RMEpisodeObject.swift */; };
		16CEAD452C7C8FBD0053A467 /* APIClientDependency.swift in Sources */ = {isa = PBXBuildFile; fileRef = 16CEAD442C7C8FBD0053A467 /* APIClientDependency.swift */; };
		16CEAD482C7C94B40053A467 /* RegisterAPIClient.swift in Sources */ = {isa = PBXBuildFile; fileRef = 16CEAD472C7C94B40053A467 /* RegisterAPIClient.swift */; };
		16CEAD4A2C7CAD990053A467 /* APIClients.swift in Sources */ = {isa = PBXBuildFile; fileRef = 16CEAD492C7CAD990053A467 /* APIClients.swift */; };
/* End PBXBuildFile section */

/* Begin PBXFileReference section */
		1669B6DB2C75FF1700BB105F /* RMGuideTCA.app */ = {isa = PBXFileReference; explicitFileType = wrapper.application; includeInIndex = 0; path = RMGuideTCA.app; sourceTree = BUILT_PRODUCTS_DIR; };
		1669B6DE2C75FF1700BB105F /* RMGuideTCAApp.swift */ = {isa = PBXFileReference; lastKnownFileType = sourcecode.swift; path = RMGuideTCAApp.swift; sourceTree = "<group>"; };
		1669B6E22C75FF1800BB105F /* Assets.xcassets */ = {isa = PBXFileReference; lastKnownFileType = folder.assetcatalog; path = Assets.xcassets; sourceTree = "<group>"; };
		1669B6E52C75FF1800BB105F /* Preview Assets.xcassets */ = {isa = PBXFileReference; lastKnownFileType = folder.assetcatalog; path = "Preview Assets.xcassets"; sourceTree = "<group>"; };
		1669B6F22C7602DC00BB105F /* CharacterDetailsFeature.swift */ = {isa = PBXFileReference; lastKnownFileType = sourcecode.swift; path = CharacterDetailsFeature.swift; sourceTree = "<group>"; };
		1669B6F42C7602E800BB105F /* CharacterDetailsView.swift */ = {isa = PBXFileReference; lastKnownFileType = sourcecode.swift; path = CharacterDetailsView.swift; sourceTree = "<group>"; };
		1669B6F62C7602F800BB105F /* CharactersListFeature.swift */ = {isa = PBXFileReference; lastKnownFileType = sourcecode.swift; path = CharactersListFeature.swift; sourceTree = "<group>"; };
		1669B6F82C76030600BB105F /* CharactersListView.swift */ = {isa = PBXFileReference; lastKnownFileType = sourcecode.swift; path = CharactersListView.swift; sourceTree = "<group>"; };
		1669B6FA2C76031100BB105F /* EpisodeDetailsFeature.swift */ = {isa = PBXFileReference; lastKnownFileType = sourcecode.swift; path = EpisodeDetailsFeature.swift; sourceTree = "<group>"; };
		1669B6FC2C76032100BB105F /* EpisodeDetailsView.swift */ = {isa = PBXFileReference; lastKnownFileType = sourcecode.swift; path = EpisodeDetailsView.swift; sourceTree = "<group>"; };
		168969572C834C2600175278 /* AppStorageKey.swift */ = {isa = PBXFileReference; lastKnownFileType = sourcecode.swift; path = AppStorageKey.swift; sourceTree = "<group>"; };
		16CEACFC2C760FC10053A467 /* Views.swift */ = {isa = PBXFileReference; lastKnownFileType = sourcecode.swift; path = Views.swift; sourceTree = "<group>"; };
		16CEACFF2C7B3E8A0053A467 /* APIClient.swift */ = {isa = PBXFileReference; fileEncoding = 4; lastKnownFileType = sourcecode.swift; path = APIClient.swift; sourceTree = "<group>"; };
		16CEAD012C7B3E8A0053A467 /* RMCharacterGender.swift */ = {isa = PBXFileReference; fileEncoding = 4; lastKnownFileType = sourcecode.swift; path = RMCharacterGender.swift; sourceTree = "<group>"; };
		16CEAD022C7B3E8A0053A467 /* RMCharacterLocation.swift */ = {isa = PBXFileReference; fileEncoding = 4; lastKnownFileType = sourcecode.swift; path = RMCharacterLocation.swift; sourceTree = "<group>"; };
		16CEAD032C7B3E8A0053A467 /* RMCharacterOrigin.swift */ = {isa = PBXFileReference; fileEncoding = 4; lastKnownFileType = sourcecode.swift; path = RMCharacterOrigin.swift; sourceTree = "<group>"; };
		16CEAD042C7B3E8A0053A467 /* RMCharacterStatus.swift */ = {isa = PBXFileReference; fileEncoding = 4; lastKnownFileType = sourcecode.swift; path = RMCharacterStatus.swift; sourceTree = "<group>"; };
		16CEAD062C7B3E8A0053A467 /* RMCharacter.swift */ = {isa = PBXFileReference; fileEncoding = 4; lastKnownFileType = sourcecode.swift; path = RMCharacter.swift; sourceTree = "<group>"; };
		16CEAD072C7B3E8A0053A467 /* RMCharacterResponse.swift */ = {isa = PBXFileReference; fileEncoding = 4; lastKnownFileType = sourcecode.swift; path = RMCharacterResponse.swift; sourceTree = "<group>"; };
		16CEAD092C7B3E8A0053A467 /* EmptyRequestInput.swift */ = {isa = PBXFileReference; fileEncoding = 4; lastKnownFileType = sourcecode.swift; path = EmptyRequestInput.swift; sourceTree = "<group>"; };
		16CEAD0A2C7B3E8A0053A467 /* RMInfo.swift */ = {isa = PBXFileReference; fileEncoding = 4; lastKnownFileType = sourcecode.swift; path = RMInfo.swift; sourceTree = "<group>"; };
		16CEAD0C2C7B3E8A0053A467 /* RMEpisode.swift */ = {isa = PBXFileReference; fileEncoding = 4; lastKnownFileType = sourcecode.swift; path = RMEpisode.swift; sourceTree = "<group>"; };
		16CEAD0E2C7B3E8A0053A467 /* RickAndMortyEndpoints.swift */ = {isa = PBXFileReference; fileEncoding = 4; lastKnownFileType = sourcecode.swift; path = RickAndMortyEndpoints.swift; sourceTree = "<group>"; };
		16CEAD102C7B3E8A0053A467 /* APIEndpoint.swift */ = {isa = PBXFileReference; fileEncoding = 4; lastKnownFileType = sourcecode.swift; path = APIEndpoint.swift; sourceTree = "<group>"; };
		16CEAD122C7B3E8A0053A467 /* APIError.swift */ = {isa = PBXFileReference; fileEncoding = 4; lastKnownFileType = sourcecode.swift; path = APIError.swift; sourceTree = "<group>"; };
		16CEAD132C7B3E8A0053A467 /* HTTPMethod.swift */ = {isa = PBXFileReference; fileEncoding = 4; lastKnownFileType = sourcecode.swift; path = HTTPMethod.swift; sourceTree = "<group>"; };
		16CEAD252C7B3FB90053A467 /* ErrorModal.swift */ = {isa = PBXFileReference; fileEncoding = 4; lastKnownFileType = sourcecode.swift; path = ErrorModal.swift; sourceTree = "<group>"; };
		16CEAD262C7B3FB90053A467 /* LoadingIndicatorModal.swift */ = {isa = PBXFileReference; fileEncoding = 4; lastKnownFileType = sourcecode.swift; path = LoadingIndicatorModal.swift; sourceTree = "<group>"; };
		16CEAD282C7B3FB90053A467 /* Array+Extension.swift */ = {isa = PBXFileReference; fileEncoding = 4; lastKnownFileType = sourcecode.swift; path = "Array+Extension.swift"; sourceTree = "<group>"; };
		16CEAD292C7B3FB90053A467 /* Color+Extension.swift */ = {isa = PBXFileReference; fileEncoding = 4; lastKnownFileType = sourcecode.swift; path = "Color+Extension.swift"; sourceTree = "<group>"; };
		16CEAD2B2C7B3FB90053A467 /* View+HalfSheet.swift */ = {isa = PBXFileReference; fileEncoding = 4; lastKnownFileType = sourcecode.swift; path = "View+HalfSheet.swift"; sourceTree = "<group>"; };
		16CEAD372C7B40720053A467 /* CharactersListDisplayMode.swift */ = {isa = PBXFileReference; lastKnownFileType = sourcecode.swift; path = CharactersListDisplayMode.swift; sourceTree = "<group>"; };
		16CEAD3B2C7B502C0053A467 /* RMEpisodeObject.swift */ = {isa = PBXFileReference; lastKnownFileType = sourcecode.swift; path = RMEpisodeObject.swift; sourceTree = "<group>"; };
		16CEAD442C7C8FBD0053A467 /* APIClientDependency.swift */ = {isa = PBXFileReference; lastKnownFileType = sourcecode.swift; path = APIClientDependency.swift; sourceTree = "<group>"; };
		16CEAD472C7C94B40053A467 /* RegisterAPIClient.swift */ = {isa = PBXFileReference; lastKnownFileType = sourcecode.swift; path = RegisterAPIClient.swift; sourceTree = "<group>"; };
		16CEAD492C7CAD990053A467 /* APIClients.swift */ = {isa = PBXFileReference; lastKnownFileType = sourcecode.swift; path = APIClients.swift; sourceTree = "<group>"; };
/* End PBXFileReference section */

/* Begin PBXFrameworksBuildPhase section */
		1669B6D82C75FF1700BB105F /* Frameworks */ = {
			isa = PBXFrameworksBuildPhase;
			buildActionMask = 2147483647;
			files = (
				1689695B2C83536200175278 /* Algorithms in Frameworks */,
				1669B7032C7603A900BB105F /* ComposableArchitecture in Frameworks */,
			);
			runOnlyForDeploymentPostprocessing = 0;
		};
/* End PBXFrameworksBuildPhase section */

/* Begin PBXGroup section */
		1669B6D22C75FF1700BB105F = {
			isa = PBXGroup;
			children = (
				1669B6DD2C75FF1700BB105F /* RMGuideTCA */,
				1669B6DC2C75FF1700BB105F /* Products */,
			);
			sourceTree = "<group>";
		};
		1669B6DC2C75FF1700BB105F /* Products */ = {
			isa = PBXGroup;
			children = (
				1669B6DB2C75FF1700BB105F /* RMGuideTCA.app */,
			);
			name = Products;
			sourceTree = "<group>";
		};
		1669B6DD2C75FF1700BB105F /* RMGuideTCA */ = {
			isa = PBXGroup;
			children = (
				16CEAD402C7B98E40053A467 /* Dependencies */,
				16CEAD392C7B501A0053A467 /* Cache */,
				1669B6F12C76022C00BB105F /* Core */,
				1669B6EC2C76014E00BB105F /* Features */,
				1669B6F02C76021600BB105F /* Utils */,
				1669B6DE2C75FF1700BB105F /* RMGuideTCAApp.swift */,
				1669B6E22C75FF1800BB105F /* Assets.xcassets */,
				1669B6E42C75FF1800BB105F /* Preview Content */,
			);
			path = RMGuideTCA;
			sourceTree = "<group>";
		};
		1669B6E42C75FF1800BB105F /* Preview Content */ = {
			isa = PBXGroup;
			children = (
				1669B6E52C75FF1800BB105F /* Preview Assets.xcassets */,
			);
			path = "Preview Content";
			sourceTree = "<group>";
		};
		1669B6EC2C76014E00BB105F /* Features */ = {
			isa = PBXGroup;
			children = (
				1669B6ED2C7601C600BB105F /* CharacterDetailsFeature */,
				1669B6EE2C7601CF00BB105F /* CharactersListFeature */,
				1669B6EF2C7601D800BB105F /* EpisodeDetailsFeature */,
			);
			path = Features;
			sourceTree = "<group>";
		};
		1669B6ED2C7601C600BB105F /* CharacterDetailsFeature */ = {
			isa = PBXGroup;
			children = (
				1669B6F22C7602DC00BB105F /* CharacterDetailsFeature.swift */,
				1669B6F42C7602E800BB105F /* CharacterDetailsView.swift */,
			);
			path = CharacterDetailsFeature;
			sourceTree = "<group>";
		};
		1669B6EE2C7601CF00BB105F /* CharactersListFeature */ = {
			isa = PBXGroup;
			children = (
				16CEAD362C7B40650053A467 /* Components */,
				1669B6F62C7602F800BB105F /* CharactersListFeature.swift */,
				1669B6F82C76030600BB105F /* CharactersListView.swift */,
			);
			path = CharactersListFeature;
			sourceTree = "<group>";
		};
		1669B6EF2C7601D800BB105F /* EpisodeDetailsFeature */ = {
			isa = PBXGroup;
			children = (
				1669B6FA2C76031100BB105F /* EpisodeDetailsFeature.swift */,
				1669B6FC2C76032100BB105F /* EpisodeDetailsView.swift */,
			);
			path = EpisodeDetailsFeature;
			sourceTree = "<group>";
		};
		1669B6F02C76021600BB105F /* Utils */ = {
			isa = PBXGroup;
			children = (
				16CEAD462C7C94AC0053A467 /* Functions */,
				16CEAD2C2C7B3FB90053A467 /* Extensions */,
				16CEAD272C7B3FB90053A467 /* HelperViews */,
				16CEACFB2C760FB70053A467 /* Enums */,
			);
			path = Utils;
			sourceTree = "<group>";
		};
		1669B6F12C76022C00BB105F /* Core */ = {
			isa = PBXGroup;
			children = (
				168969562C834C1D00175278 /* AppStorage */,
				16CEAD152C7B3E8A0053A467 /* Networking */,
			);
			path = Core;
			sourceTree = "<group>";
		};
		168969562C834C1D00175278 /* AppStorage */ = {
			isa = PBXGroup;
			children = (
				168969572C834C2600175278 /* AppStorageKey.swift */,
			);
			path = AppStorage;
			sourceTree = "<group>";
		};
		16CEACFB2C760FB70053A467 /* Enums */ = {
			isa = PBXGroup;
			children = (
				16CEACFC2C760FC10053A467 /* Views.swift */,
			);
			path = Enums;
			sourceTree = "<group>";
		};
		16CEAD052C7B3E8A0053A467 /* Components */ = {
			isa = PBXGroup;
			children = (
				16CEAD012C7B3E8A0053A467 /* RMCharacterGender.swift */,
				16CEAD022C7B3E8A0053A467 /* RMCharacterLocation.swift */,
				16CEAD032C7B3E8A0053A467 /* RMCharacterOrigin.swift */,
				16CEAD042C7B3E8A0053A467 /* RMCharacterStatus.swift */,
			);
			path = Components;
			sourceTree = "<group>";
		};
		16CEAD082C7B3E8A0053A467 /* Character */ = {
			isa = PBXGroup;
			children = (
				16CEAD052C7B3E8A0053A467 /* Components */,
				16CEAD062C7B3E8A0053A467 /* RMCharacter.swift */,
				16CEAD072C7B3E8A0053A467 /* RMCharacterResponse.swift */,
			);
			path = Character;
			sourceTree = "<group>";
		};
		16CEAD0B2C7B3E8A0053A467 /* Common */ = {
			isa = PBXGroup;
			children = (
				16CEAD092C7B3E8A0053A467 /* EmptyRequestInput.swift */,
				16CEAD0A2C7B3E8A0053A467 /* RMInfo.swift */,
			);
			path = Common;
			sourceTree = "<group>";
		};
		16CEAD0D2C7B3E8A0053A467 /* Episode */ = {
			isa = PBXGroup;
			children = (
				16CEAD0C2C7B3E8A0053A467 /* RMEpisode.swift */,
			);
			path = Episode;
			sourceTree = "<group>";
		};
		16CEAD0F2C7B3E8A0053A467 /* RickAndMortyAPI */ = {
			isa = PBXGroup;
			children = (
				16CEAD082C7B3E8A0053A467 /* Character */,
				16CEAD0B2C7B3E8A0053A467 /* Common */,
				16CEAD0D2C7B3E8A0053A467 /* Episode */,
				16CEAD0E2C7B3E8A0053A467 /* RickAndMortyEndpoints.swift */,
			);
			path = RickAndMortyAPI;
			sourceTree = "<group>";
		};
		16CEAD112C7B3E8A0053A467 /* APIEndpoints */ = {
			isa = PBXGroup;
			children = (
				16CEAD0F2C7B3E8A0053A467 /* RickAndMortyAPI */,
				16CEAD102C7B3E8A0053A467 /* APIEndpoint.swift */,
			);
			path = APIEndpoints;
			sourceTree = "<group>";
		};
		16CEAD142C7B3E8A0053A467 /* Enums */ = {
			isa = PBXGroup;
			children = (
				16CEAD122C7B3E8A0053A467 /* APIError.swift */,
				16CEAD132C7B3E8A0053A467 /* HTTPMethod.swift */,
			);
			path = Enums;
			sourceTree = "<group>";
		};
		16CEAD152C7B3E8A0053A467 /* Networking */ = {
			isa = PBXGroup;
			children = (
				16CEACFF2C7B3E8A0053A467 /* APIClient.swift */,
				16CEAD492C7CAD990053A467 /* APIClients.swift */,
				16CEAD112C7B3E8A0053A467 /* APIEndpoints */,
				16CEAD142C7B3E8A0053A467 /* Enums */,
			);
			path = Networking;
			sourceTree = "<group>";
		};
		16CEAD272C7B3FB90053A467 /* HelperViews */ = {
			isa = PBXGroup;
			children = (
				16CEAD252C7B3FB90053A467 /* ErrorModal.swift */,
				16CEAD262C7B3FB90053A467 /* LoadingIndicatorModal.swift */,
			);
			path = HelperViews;
			sourceTree = "<group>";
		};
		16CEAD2C2C7B3FB90053A467 /* Extensions */ = {
			isa = PBXGroup;
			children = (
				16CEAD282C7B3FB90053A467 /* Array+Extension.swift */,
				16CEAD292C7B3FB90053A467 /* Color+Extension.swift */,
				16CEAD2B2C7B3FB90053A467 /* View+HalfSheet.swift */,
			);
			path = Extensions;
			sourceTree = "<group>";
		};
		16CEAD362C7B40650053A467 /* Components */ = {
			isa = PBXGroup;
			children = (
				16CEAD372C7B40720053A467 /* CharactersListDisplayMode.swift */,
			);
			path = Components;
			sourceTree = "<group>";
		};
		16CEAD392C7B501A0053A467 /* Cache */ = {
			isa = PBXGroup;
			children = (
				16CEAD3A2C7B50230053A467 /* Objects */,
			);
			path = Cache;
			sourceTree = "<group>";
		};
		16CEAD3A2C7B50230053A467 /* Objects */ = {
			isa = PBXGroup;
			children = (
				16CEAD3B2C7B502C0053A467 /* RMEpisodeObject.swift */,
			);
			path = Objects;
			sourceTree = "<group>";
		};
		16CEAD402C7B98E40053A467 /* Dependencies */ = {
			isa = PBXGroup;
			children = (
				16CEAD442C7C8FBD0053A467 /* APIClientDependency.swift */,
			);
			path = Dependencies;
			sourceTree = "<group>";
		};
		16CEAD462C7C94AC0053A467 /* Functions */ = {
			isa = PBXGroup;
			children = (
				16CEAD472C7C94B40053A467 /* RegisterAPIClient.swift */,
			);
			path = Functions;
			sourceTree = "<group>";
		};
/* End PBXGroup section */

/* Begin PBXNativeTarget section */
		1669B6DA2C75FF1700BB105F /* RMGuideTCA */ = {
			isa = PBXNativeTarget;
			buildConfigurationList = 1669B6E92C75FF1800BB105F /* Build configuration list for PBXNativeTarget "RMGuideTCA" */;
			buildPhases = (
				1669B6D72C75FF1700BB105F /* Sources */,
				1669B6D82C75FF1700BB105F /* Frameworks */,
				1669B6D92C75FF1700BB105F /* Resources */,
			);
			buildRules = (
			);
			dependencies = (
			);
			name = RMGuideTCA;
			packageProductDependencies = (
				1669B7022C7603A900BB105F /* ComposableArchitecture */,
				1689695A2C83536200175278 /* Algorithms */,
			);
			productName = RMGuideTCA;
			productReference = 1669B6DB2C75FF1700BB105F /* RMGuideTCA.app */;
			productType = "com.apple.product-type.application";
		};
/* End PBXNativeTarget section */

/* Begin PBXProject section */
		1669B6D32C75FF1700BB105F /* Project object */ = {
			isa = PBXProject;
			attributes = {
				BuildIndependentTargetsInParallel = 1;
				LastSwiftUpdateCheck = 1540;
				LastUpgradeCheck = 1540;
				TargetAttributes = {
					1669B6DA2C75FF1700BB105F = {
						CreatedOnToolsVersion = 15.4;
					};
				};
			};
			buildConfigurationList = 1669B6D62C75FF1700BB105F /* Build configuration list for PBXProject "RMGuideTCA" */;
			compatibilityVersion = "Xcode 14.0";
			developmentRegion = en;
			hasScannedForEncodings = 0;
			knownRegions = (
				en,
				Base,
			);
			mainGroup = 1669B6D22C75FF1700BB105F;
			packageReferences = (
				1669B7012C7603A900BB105F /* XCRemoteSwiftPackageReference "swift-composable-architecture" */,
				168969592C83536200175278 /* XCRemoteSwiftPackageReference "swift-algorithms" */,
			);
			productRefGroup = 1669B6DC2C75FF1700BB105F /* Products */;
			projectDirPath = "";
			projectRoot = "";
			targets = (
				1669B6DA2C75FF1700BB105F /* RMGuideTCA */,
			);
		};
/* End PBXProject section */

/* Begin PBXResourcesBuildPhase section */
		1669B6D92C75FF1700BB105F /* Resources */ = {
			isa = PBXResourcesBuildPhase;
			buildActionMask = 2147483647;
			files = (
				1669B6E62C75FF1800BB105F /* Preview Assets.xcassets in Resources */,
				1669B6E32C75FF1800BB105F /* Assets.xcassets in Resources */,
			);
			runOnlyForDeploymentPostprocessing = 0;
		};
/* End PBXResourcesBuildPhase section */

/* Begin PBXSourcesBuildPhase section */
		1669B6D72C75FF1700BB105F /* Sources */ = {
			isa = PBXSourcesBuildPhase;
			buildActionMask = 2147483647;
			files = (
				16CEAD202C7B3E8A0053A467 /* RMEpisode.swift in Sources */,
				16CEAD1B2C7B3E8A0053A467 /* RMCharacterStatus.swift in Sources */,
				1669B6FB2C76031100BB105F /* EpisodeDetailsFeature.swift in Sources */,
				1669B6F32C7602DC00BB105F /* CharacterDetailsFeature.swift in Sources */,
				1669B6F92C76030600BB105F /* CharactersListView.swift in Sources */,
				16CEAD452C7C8FBD0053A467 /* APIClientDependency.swift in Sources */,
				168969582C834C2600175278 /* AppStorageKey.swift in Sources */,
				16CEAD172C7B3E8A0053A467 /* APIClient.swift in Sources */,
				16CEAD222C7B3E8A0053A467 /* APIEndpoint.swift in Sources */,
				1669B6DF2C75FF1700BB105F /* RMGuideTCAApp.swift in Sources */,
				16CEAD342C7B3FB90053A467 /* View+HalfSheet.swift in Sources */,
				16CEACFD2C760FC10053A467 /* Views.swift in Sources */,
				16CEAD2F2C7B3FB90053A467 /* ErrorModal.swift in Sources */,
				16CEAD312C7B3FB90053A467 /* Array+Extension.swift in Sources */,
				16CEAD182C7B3E8A0053A467 /* RMCharacterGender.swift in Sources */,
				16CEAD1C2C7B3E8A0053A467 /* RMCharacter.swift in Sources */,
				16CEAD482C7C94B40053A467 /* RegisterAPIClient.swift in Sources */,
				16CEAD3C2C7B502C0053A467 /* RMEpisodeObject.swift in Sources */,
				1669B6FD2C76032100BB105F /* EpisodeDetailsView.swift in Sources */,
				16CEAD1E2C7B3E8A0053A467 /* EmptyRequestInput.swift in Sources */,
				16CEAD212C7B3E8A0053A467 /* RickAndMortyEndpoints.swift in Sources */,
				16CEAD1F2C7B3E8A0053A467 /* RMInfo.swift in Sources */,
				16CEAD1A2C7B3E8A0053A467 /* RMCharacterOrigin.swift in Sources */,
				16CEAD382C7B40720053A467 /* CharactersListDisplayMode.swift in Sources */,
				16CEAD4A2C7CAD990053A467 /* APIClients.swift in Sources */,
				16CEAD322C7B3FB90053A467 /* Color+Extension.swift in Sources */,
				16CEAD302C7B3FB90053A467 /* LoadingIndicatorModal.swift in Sources */,
				16CEAD192C7B3E8A0053A467 /* RMCharacterLocation.swift in Sources */,
				1669B6F72C7602F800BB105F /* CharactersListFeature.swift in Sources */,
				1669B6F52C7602E800BB105F /* CharacterDetailsView.swift in Sources */,
				16CEAD242C7B3E8A0053A467 /* HTTPMethod.swift in Sources */,
				16CEAD1D2C7B3E8A0053A467 /* RMCharacterResponse.swift in Sources */,
				16CEAD232C7B3E8A0053A467 /* APIError.swift in Sources */,
			);
			runOnlyForDeploymentPostprocessing = 0;
		};
/* End PBXSourcesBuildPhase section */

/* Begin XCBuildConfiguration section */
		1669B6E72C75FF1800BB105F /* Debug */ = {
			isa = XCBuildConfiguration;
			buildSettings = {
				ALWAYS_SEARCH_USER_PATHS = NO;
				ASSETCATALOG_COMPILER_GENERATE_SWIFT_ASSET_SYMBOL_EXTENSIONS = YES;
				CLANG_ANALYZER_NONNULL = YES;
				CLANG_ANALYZER_NUMBER_OBJECT_CONVERSION = YES_AGGRESSIVE;
				CLANG_CXX_LANGUAGE_STANDARD = "gnu++20";
				CLANG_ENABLE_MODULES = YES;
				CLANG_ENABLE_OBJC_ARC = YES;
				CLANG_ENABLE_OBJC_WEAK = YES;
				CLANG_WARN_BLOCK_CAPTURE_AUTORELEASING = YES;
				CLANG_WARN_BOOL_CONVERSION = YES;
				CLANG_WARN_COMMA = YES;
				CLANG_WARN_CONSTANT_CONVERSION = YES;
				CLANG_WARN_DEPRECATED_OBJC_IMPLEMENTATIONS = YES;
				CLANG_WARN_DIRECT_OBJC_ISA_USAGE = YES_ERROR;
				CLANG_WARN_DOCUMENTATION_COMMENTS = YES;
				CLANG_WARN_EMPTY_BODY = YES;
				CLANG_WARN_ENUM_CONVERSION = YES;
				CLANG_WARN_INFINITE_RECURSION = YES;
				CLANG_WARN_INT_CONVERSION = YES;
				CLANG_WARN_NON_LITERAL_NULL_CONVERSION = YES;
				CLANG_WARN_OBJC_IMPLICIT_RETAIN_SELF = YES;
				CLANG_WARN_OBJC_LITERAL_CONVERSION = YES;
				CLANG_WARN_OBJC_ROOT_CLASS = YES_ERROR;
				CLANG_WARN_QUOTED_INCLUDE_IN_FRAMEWORK_HEADER = YES;
				CLANG_WARN_RANGE_LOOP_ANALYSIS = YES;
				CLANG_WARN_STRICT_PROTOTYPES = YES;
				CLANG_WARN_SUSPICIOUS_MOVE = YES;
				CLANG_WARN_UNGUARDED_AVAILABILITY = YES_AGGRESSIVE;
				CLANG_WARN_UNREACHABLE_CODE = YES;
				CLANG_WARN__DUPLICATE_METHOD_MATCH = YES;
				COPY_PHASE_STRIP = NO;
				DEBUG_INFORMATION_FORMAT = dwarf;
				ENABLE_STRICT_OBJC_MSGSEND = YES;
				ENABLE_TESTABILITY = YES;
				ENABLE_USER_SCRIPT_SANDBOXING = YES;
				GCC_C_LANGUAGE_STANDARD = gnu17;
				GCC_DYNAMIC_NO_PIC = NO;
				GCC_NO_COMMON_BLOCKS = YES;
				GCC_OPTIMIZATION_LEVEL = 0;
				GCC_PREPROCESSOR_DEFINITIONS = (
					"DEBUG=1",
					"$(inherited)",
				);
				GCC_WARN_64_TO_32_BIT_CONVERSION = YES;
				GCC_WARN_ABOUT_RETURN_TYPE = YES_ERROR;
				GCC_WARN_UNDECLARED_SELECTOR = YES;
				GCC_WARN_UNINITIALIZED_AUTOS = YES_AGGRESSIVE;
				GCC_WARN_UNUSED_FUNCTION = YES;
				GCC_WARN_UNUSED_VARIABLE = YES;
				IPHONEOS_DEPLOYMENT_TARGET = 16.0;
				LOCALIZATION_PREFERS_STRING_CATALOGS = YES;
				MTL_ENABLE_DEBUG_INFO = INCLUDE_SOURCE;
				MTL_FAST_MATH = YES;
				ONLY_ACTIVE_ARCH = YES;
				SDKROOT = iphoneos;
				SWIFT_ACTIVE_COMPILATION_CONDITIONS = "DEBUG $(inherited)";
				SWIFT_OPTIMIZATION_LEVEL = "-Onone";
			};
			name = Debug;
		};
		1669B6E82C75FF1800BB105F /* Release */ = {
			isa = XCBuildConfiguration;
			buildSettings = {
				ALWAYS_SEARCH_USER_PATHS = NO;
				ASSETCATALOG_COMPILER_GENERATE_SWIFT_ASSET_SYMBOL_EXTENSIONS = YES;
				CLANG_ANALYZER_NONNULL = YES;
				CLANG_ANALYZER_NUMBER_OBJECT_CONVERSION = YES_AGGRESSIVE;
				CLANG_CXX_LANGUAGE_STANDARD = "gnu++20";
				CLANG_ENABLE_MODULES = YES;
				CLANG_ENABLE_OBJC_ARC = YES;
				CLANG_ENABLE_OBJC_WEAK = YES;
				CLANG_WARN_BLOCK_CAPTURE_AUTORELEASING = YES;
				CLANG_WARN_BOOL_CONVERSION = YES;
				CLANG_WARN_COMMA = YES;
				CLANG_WARN_CONSTANT_CONVERSION = YES;
				CLANG_WARN_DEPRECATED_OBJC_IMPLEMENTATIONS = YES;
				CLANG_WARN_DIRECT_OBJC_ISA_USAGE = YES_ERROR;
				CLANG_WARN_DOCUMENTATION_COMMENTS = YES;
				CLANG_WARN_EMPTY_BODY = YES;
				CLANG_WARN_ENUM_CONVERSION = YES;
				CLANG_WARN_INFINITE_RECURSION = YES;
				CLANG_WARN_INT_CONVERSION = YES;
				CLANG_WARN_NON_LITERAL_NULL_CONVERSION = YES;
				CLANG_WARN_OBJC_IMPLICIT_RETAIN_SELF = YES;
				CLANG_WARN_OBJC_LITERAL_CONVERSION = YES;
				CLANG_WARN_OBJC_ROOT_CLASS = YES_ERROR;
				CLANG_WARN_QUOTED_INCLUDE_IN_FRAMEWORK_HEADER = YES;
				CLANG_WARN_RANGE_LOOP_ANALYSIS = YES;
				CLANG_WARN_STRICT_PROTOTYPES = YES;
				CLANG_WARN_SUSPICIOUS_MOVE = YES;
				CLANG_WARN_UNGUARDED_AVAILABILITY = YES_AGGRESSIVE;
				CLANG_WARN_UNREACHABLE_CODE = YES;
				CLANG_WARN__DUPLICATE_METHOD_MATCH = YES;
				COPY_PHASE_STRIP = NO;
				DEBUG_INFORMATION_FORMAT = "dwarf-with-dsym";
				ENABLE_NS_ASSERTIONS = NO;
				ENABLE_STRICT_OBJC_MSGSEND = YES;
				ENABLE_USER_SCRIPT_SANDBOXING = YES;
				GCC_C_LANGUAGE_STANDARD = gnu17;
				GCC_NO_COMMON_BLOCKS = YES;
				GCC_WARN_64_TO_32_BIT_CONVERSION = YES;
				GCC_WARN_ABOUT_RETURN_TYPE = YES_ERROR;
				GCC_WARN_UNDECLARED_SELECTOR = YES;
				GCC_WARN_UNINITIALIZED_AUTOS = YES_AGGRESSIVE;
				GCC_WARN_UNUSED_FUNCTION = YES;
				GCC_WARN_UNUSED_VARIABLE = YES;
				IPHONEOS_DEPLOYMENT_TARGET = 16.0;
				LOCALIZATION_PREFERS_STRING_CATALOGS = YES;
				MTL_ENABLE_DEBUG_INFO = NO;
				MTL_FAST_MATH = YES;
				SDKROOT = iphoneos;
				SWIFT_COMPILATION_MODE = wholemodule;
				VALIDATE_PRODUCT = YES;
			};
			name = Release;
		};
		1669B6EA2C75FF1800BB105F /* Debug */ = {
			isa = XCBuildConfiguration;
			buildSettings = {
				ASSETCATALOG_COMPILER_APPICON_NAME = AppIcon;
				ASSETCATALOG_COMPILER_GLOBAL_ACCENT_COLOR_NAME = AccentColor;
				CODE_SIGN_STYLE = Automatic;
				CURRENT_PROJECT_VERSION = 1;
				DEVELOPMENT_ASSET_PATHS = "\"RMGuideTCA/Preview Content\"";
				DEVELOPMENT_TEAM = T3SR62DCTW;
				ENABLE_PREVIEWS = YES;
				GENERATE_INFOPLIST_FILE = YES;
				INFOPLIST_KEY_UIApplicationSceneManifest_Generation = YES;
				INFOPLIST_KEY_UIApplicationSupportsIndirectInputEvents = YES;
				INFOPLIST_KEY_UILaunchScreen_Generation = YES;
				INFOPLIST_KEY_UISupportedInterfaceOrientations_iPad = "UIInterfaceOrientationPortrait UIInterfaceOrientationPortraitUpsideDown UIInterfaceOrientationLandscapeLeft UIInterfaceOrientationLandscapeRight";
				INFOPLIST_KEY_UISupportedInterfaceOrientations_iPhone = "UIInterfaceOrientationPortrait UIInterfaceOrientationLandscapeLeft UIInterfaceOrientationLandscapeRight";
				IPHONEOS_DEPLOYMENT_TARGET = 16.0;
				LD_RUNPATH_SEARCH_PATHS = (
					"$(inherited)",
					"@executable_path/Frameworks",
				);
				MARKETING_VERSION = 1.0;
				PRODUCT_BUNDLE_IDENTIFIER = ljaniszewski00.RMGuideTCA;
				PRODUCT_NAME = "$(TARGET_NAME)";
				SUPPORTED_PLATFORMS = "iphoneos iphonesimulator";
				SUPPORTS_MACCATALYST = NO;
				SUPPORTS_MAC_DESIGNED_FOR_IPHONE_IPAD = NO;
				SWIFT_EMIT_LOC_STRINGS = YES;
				SWIFT_VERSION = 5.0;
				TARGETED_DEVICE_FAMILY = 1;
			};
			name = Debug;
		};
		1669B6EB2C75FF1800BB105F /* Release */ = {
			isa = XCBuildConfiguration;
			buildSettings = {
				ASSETCATALOG_COMPILER_APPICON_NAME = AppIcon;
				ASSETCATALOG_COMPILER_GLOBAL_ACCENT_COLOR_NAME = AccentColor;
				CODE_SIGN_STYLE = Automatic;
				CURRENT_PROJECT_VERSION = 1;
				DEVELOPMENT_ASSET_PATHS = "\"RMGuideTCA/Preview Content\"";
				DEVELOPMENT_TEAM = T3SR62DCTW;
				ENABLE_PREVIEWS = YES;
				GENERATE_INFOPLIST_FILE = YES;
				INFOPLIST_KEY_UIApplicationSceneManifest_Generation = YES;
				INFOPLIST_KEY_UIApplicationSupportsIndirectInputEvents = YES;
				INFOPLIST_KEY_UILaunchScreen_Generation = YES;
				INFOPLIST_KEY_UISupportedInterfaceOrientations_iPad = "UIInterfaceOrientationPortrait UIInterfaceOrientationPortraitUpsideDown UIInterfaceOrientationLandscapeLeft UIInterfaceOrientationLandscapeRight";
				INFOPLIST_KEY_UISupportedInterfaceOrientations_iPhone = "UIInterfaceOrientationPortrait UIInterfaceOrientationLandscapeLeft UIInterfaceOrientationLandscapeRight";
				IPHONEOS_DEPLOYMENT_TARGET = 16.0;
				LD_RUNPATH_SEARCH_PATHS = (
					"$(inherited)",
					"@executable_path/Frameworks",
				);
				MARKETING_VERSION = 1.0;
				PRODUCT_BUNDLE_IDENTIFIER = ljaniszewski00.RMGuideTCA;
				PRODUCT_NAME = "$(TARGET_NAME)";
				SUPPORTED_PLATFORMS = "iphoneos iphonesimulator";
				SUPPORTS_MACCATALYST = NO;
				SUPPORTS_MAC_DESIGNED_FOR_IPHONE_IPAD = NO;
				SWIFT_EMIT_LOC_STRINGS = YES;
				SWIFT_VERSION = 5.0;
				TARGETED_DEVICE_FAMILY = 1;
			};
			name = Release;
		};
/* End XCBuildConfiguration section */

/* Begin XCConfigurationList section */
		1669B6D62C75FF1700BB105F /* Build configuration list for PBXProject "RMGuideTCA" */ = {
			isa = XCConfigurationList;
			buildConfigurations = (
				1669B6E72C75FF1800BB105F /* Debug */,
				1669B6E82C75FF1800BB105F /* Release */,
			);
			defaultConfigurationIsVisible = 0;
			defaultConfigurationName = Release;
		};
		1669B6E92C75FF1800BB105F /* Build configuration list for PBXNativeTarget "RMGuideTCA" */ = {
			isa = XCConfigurationList;
			buildConfigurations = (
				1669B6EA2C75FF1800BB105F /* Debug */,
				1669B6EB2C75FF1800BB105F /* Release */,
			);
			defaultConfigurationIsVisible = 0;
			defaultConfigurationName = Release;
		};
/* End XCConfigurationList section */

/* Begin XCRemoteSwiftPackageReference section */
		1669B7012C7603A900BB105F /* XCRemoteSwiftPackageReference "swift-composable-architecture" */ = {
			isa = XCRemoteSwiftPackageReference;
			repositoryURL = "https://github.com/pointfreeco/swift-composable-architecture";
			requirement = {
				kind = upToNextMajorVersion;
				minimumVersion = 1.13.0;
			};
		};
		168969592C83536200175278 /* XCRemoteSwiftPackageReference "swift-algorithms" */ = {
			isa = XCRemoteSwiftPackageReference;
			repositoryURL = "https://github.com/apple/swift-algorithms.git";
			requirement = {
				kind = upToNextMajorVersion;
				minimumVersion = 1.2.0;
			};
		};
/* End XCRemoteSwiftPackageReference section */

/* Begin XCSwiftPackageProductDependency section */
		1669B7022C7603A900BB105F /* ComposableArchitecture */ = {
			isa = XCSwiftPackageProductDependency;
			package = 1669B7012C7603A900BB105F /* XCRemoteSwiftPackageReference "swift-composable-architecture" */;
			productName = ComposableArchitecture;
		};
		1689695A2C83536200175278 /* Algorithms */ = {
			isa = XCSwiftPackageProductDependency;
			package = 168969592C83536200175278 /* XCRemoteSwiftPackageReference "swift-algorithms" */;
			productName = Algorithms;
		};
/* End XCSwiftPackageProductDependency section */
	};
	rootObject = 1669B6D32C75FF1700BB105F /* Project object */;
}
